// !$*UTF8*$!
{
	archiveVersion = 1;
	classes = {
	};
	objectVersion = 46;
	objects = {

/* Begin PBXBuildFile section */
		9F836A311BA9C09B00DE4D39 /* AppDelegate.m in Sources */ = {isa = PBXBuildFile; fileRef = 9F836A301BA9C09B00DE4D39 /* AppDelegate.m */; };
		9F836A331BA9C09C00DE4D39 /* main.m in Sources */ = {isa = PBXBuildFile; fileRef = 9F836A321BA9C09C00DE4D39 /* main.m */; };
		9F836A361BA9C09C00DE4D39 /* ViewController.m in Sources */ = {isa = PBXBuildFile; fileRef = 9F836A351BA9C09C00DE4D39 /* ViewController.m */; };
		9F836A381BA9C09C00DE4D39 /* Images.xcassets in Resources */ = {isa = PBXBuildFile; fileRef = 9F836A371BA9C09C00DE4D39 /* Images.xcassets */; };
		9F836A3B1BA9C09C00DE4D39 /* Main.storyboard in Resources */ = {isa = PBXBuildFile; fileRef = 9F836A391BA9C09C00DE4D39 /* Main.storyboard */; };
		9F836A471BA9C09C00DE4D39 /* Inbox_for_MacTests.m in Sources */ = {isa = PBXBuildFile; fileRef = 9F836A461BA9C09C00DE4D39 /* Inbox_for_MacTests.m */; };
		9F836A511BA9C0ED00DE4D39 /* WebKit.framework in Frameworks */ = {isa = PBXBuildFile; fileRef = 9F836A501BA9C0ED00DE4D39 /* WebKit.framework */; };
		9F836A541BA9CA5500DE4D39 /* WAYAppStoreWindow.m in Sources */ = {isa = PBXBuildFile; fileRef = 9F836A531BA9CA5500DE4D39 /* WAYAppStoreWindow.m */; };
		9F836A571BA9CB1200DE4D39 /* WAYWindow.m in Sources */ = {isa = PBXBuildFile; fileRef = 9F836A561BA9CB1200DE4D39 /* WAYWindow.m */; };
		9F836A5E1BA9CB2D00DE4D39 /* Extensions in Resources */ = {isa = PBXBuildFile; fileRef = 9F836A581BA9CB2D00DE4D39 /* Extensions */; };
		9F836A5F1BA9CB2D00DE4D39 /* INAppStoreWindow.m in Sources */ = {isa = PBXBuildFile; fileRef = 9F836A5A1BA9CB2D00DE4D39 /* INAppStoreWindow.m */; };
		9F836A601BA9CB2D00DE4D39 /* INWindowButton.m in Sources */ = {isa = PBXBuildFile; fileRef = 9F836A5D1BA9CB2D00DE4D39 /* INWindowButton.m */; };
		9FA5291C1BAA1EFE003BB8CF /* appicon.icns in Resources */ = {isa = PBXBuildFile; fileRef = 9FA5291B1BAA1EFE003BB8CF /* appicon.icns */; };
/* End PBXBuildFile section */

/* Begin PBXContainerItemProxy section */
		9F836A411BA9C09C00DE4D39 /* PBXContainerItemProxy */ = {
			isa = PBXContainerItemProxy;
			containerPortal = 9F836A221BA9C09B00DE4D39 /* Project object */;
			proxyType = 1;
			remoteGlobalIDString = 9F836A291BA9C09B00DE4D39;
			remoteInfo = "Inbox for Mac";
		};
/* End PBXContainerItemProxy section */

/* Begin PBXFileReference section */
		9F836A2A1BA9C09B00DE4D39 /* Inbox for Mac.app */ = {isa = PBXFileReference; explicitFileType = wrapper.application; includeInIndex = 0; path = "Inbox for Mac.app"; sourceTree = BUILT_PRODUCTS_DIR; };
		9F836A2E1BA9C09B00DE4D39 /* Info.plist */ = {isa = PBXFileReference; lastKnownFileType = text.plist.xml; path = Info.plist; sourceTree = "<group>"; };
		9F836A2F1BA9C09B00DE4D39 /* AppDelegate.h */ = {isa = PBXFileReference; lastKnownFileType = sourcecode.c.h; path = AppDelegate.h; sourceTree = "<group>"; };
		9F836A301BA9C09B00DE4D39 /* AppDelegate.m */ = {isa = PBXFileReference; lastKnownFileType = sourcecode.c.objc; path = AppDelegate.m; sourceTree = "<group>"; };
		9F836A321BA9C09C00DE4D39 /* main.m */ = {isa = PBXFileReference; lastKnownFileType = sourcecode.c.objc; path = main.m; sourceTree = "<group>"; };
		9F836A341BA9C09C00DE4D39 /* ViewController.h */ = {isa = PBXFileReference; lastKnownFileType = sourcecode.c.h; path = ViewController.h; sourceTree = "<group>"; };
		9F836A351BA9C09C00DE4D39 /* ViewController.m */ = {isa = PBXFileReference; lastKnownFileType = sourcecode.c.objc; path = ViewController.m; sourceTree = "<group>"; };
		9F836A371BA9C09C00DE4D39 /* Images.xcassets */ = {isa = PBXFileReference; lastKnownFileType = folder.assetcatalog; path = Images.xcassets; sourceTree = "<group>"; };
		9F836A3A1BA9C09C00DE4D39 /* Base */ = {isa = PBXFileReference; lastKnownFileType = file.storyboard; name = Base; path = Base.lproj/Main.storyboard; sourceTree = "<group>"; };
		9F836A401BA9C09C00DE4D39 /* Inbox for MacTests.xctest */ = {isa = PBXFileReference; explicitFileType = wrapper.cfbundle; includeInIndex = 0; path = "Inbox for MacTests.xctest"; sourceTree = BUILT_PRODUCTS_DIR; };
		9F836A451BA9C09C00DE4D39 /* Info.plist */ = {isa = PBXFileReference; lastKnownFileType = text.plist.xml; path = Info.plist; sourceTree = "<group>"; };
		9F836A461BA9C09C00DE4D39 /* Inbox_for_MacTests.m */ = {isa = PBXFileReference; lastKnownFileType = sourcecode.c.objc; path = Inbox_for_MacTests.m; sourceTree = "<group>"; };
		9F836A501BA9C0ED00DE4D39 /* WebKit.framework */ = {isa = PBXFileReference; lastKnownFileType = wrapper.framework; name = WebKit.framework; path = System/Library/Frameworks/WebKit.framework; sourceTree = SDKROOT; };
		9F836A521BA9CA5500DE4D39 /* WAYAppStoreWindow.h */ = {isa = PBXFileReference; fileEncoding = 4; lastKnownFileType = sourcecode.c.h; path = WAYAppStoreWindow.h; sourceTree = "<group>"; };
		9F836A531BA9CA5500DE4D39 /* WAYAppStoreWindow.m */ = {isa = PBXFileReference; fileEncoding = 4; lastKnownFileType = sourcecode.c.objc; path = WAYAppStoreWindow.m; sourceTree = "<group>"; };
		9F836A551BA9CB1200DE4D39 /* WAYWindow.h */ = {isa = PBXFileReference; fileEncoding = 4; lastKnownFileType = sourcecode.c.h; path = WAYWindow.h; sourceTree = "<group>"; };
		9F836A561BA9CB1200DE4D39 /* WAYWindow.m */ = {isa = PBXFileReference; fileEncoding = 4; lastKnownFileType = sourcecode.c.objc; path = WAYWindow.m; sourceTree = "<group>"; };
		9F836A581BA9CB2D00DE4D39 /* Extensions */ = {isa = PBXFileReference; lastKnownFileType = folder; path = Extensions; sourceTree = "<group>"; };
		9F836A591BA9CB2D00DE4D39 /* INAppStoreWindow.h */ = {isa = PBXFileReference; fileEncoding = 4; lastKnownFileType = sourcecode.c.h; path = INAppStoreWindow.h; sourceTree = "<group>"; };
		9F836A5A1BA9CB2D00DE4D39 /* INAppStoreWindow.m */ = {isa = PBXFileReference; fileEncoding = 4; lastKnownFileType = sourcecode.c.objc; path = INAppStoreWindow.m; sourceTree = "<group>"; };
		9F836A5B1BA9CB2D00DE4D39 /* INAppStoreWindowCompatibility.h */ = {isa = PBXFileReference; fileEncoding = 4; lastKnownFileType = sourcecode.c.h; path = INAppStoreWindowCompatibility.h; sourceTree = "<group>"; };
		9F836A5C1BA9CB2D00DE4D39 /* INWindowButton.h */ = {isa = PBXFileReference; fileEncoding = 4; lastKnownFileType = sourcecode.c.h; path = INWindowButton.h; sourceTree = "<group>"; };
		9F836A5D1BA9CB2D00DE4D39 /* INWindowButton.m */ = {isa = PBXFileReference; fileEncoding = 4; lastKnownFileType = sourcecode.c.objc; path = INWindowButton.m; sourceTree = "<group>"; };
		9FA5291B1BAA1EFE003BB8CF /* appicon.icns */ = {isa = PBXFileReference; lastKnownFileType = image.icns; path = appicon.icns; sourceTree = "<group>"; };
/* End PBXFileReference section */

/* Begin PBXFrameworksBuildPhase section */
		9F836A271BA9C09B00DE4D39 /* Frameworks */ = {
			isa = PBXFrameworksBuildPhase;
			buildActionMask = 2147483647;
			files = (
				9F836A511BA9C0ED00DE4D39 /* WebKit.framework in Frameworks */,
			);
			runOnlyForDeploymentPostprocessing = 0;
		};
		9F836A3D1BA9C09C00DE4D39 /* Frameworks */ = {
			isa = PBXFrameworksBuildPhase;
			buildActionMask = 2147483647;
			files = (
			);
			runOnlyForDeploymentPostprocessing = 0;
		};
/* End PBXFrameworksBuildPhase section */

/* Begin PBXGroup section */
		9F836A211BA9C09B00DE4D39 = {
			isa = PBXGroup;
			children = (
				9F836A501BA9C0ED00DE4D39 /* WebKit.framework */,
				9F836A2C1BA9C09B00DE4D39 /* Inbox for Mac */,
				9F836A431BA9C09C00DE4D39 /* Inbox for MacTests */,
				9F836A2B1BA9C09B00DE4D39 /* Products */,
			);
			sourceTree = "<group>";
		};
		9F836A2B1BA9C09B00DE4D39 /* Products */ = {
			isa = PBXGroup;
			children = (
				9F836A2A1BA9C09B00DE4D39 /* Inbox for Mac.app */,
				9F836A401BA9C09C00DE4D39 /* Inbox for MacTests.xctest */,
			);
			name = Products;
			sourceTree = "<group>";
		};
		9F836A2C1BA9C09B00DE4D39 /* Inbox for Mac */ = {
			isa = PBXGroup;
			children = (
				9FA5291B1BAA1EFE003BB8CF /* appicon.icns */,
				9F836A2F1BA9C09B00DE4D39 /* AppDelegate.h */,
				9F836A301BA9C09B00DE4D39 /* AppDelegate.m */,
				9F836A341BA9C09C00DE4D39 /* ViewController.h */,
				9F836A351BA9C09C00DE4D39 /* ViewController.m */,
				9F836A521BA9CA5500DE4D39 /* WAYAppStoreWindow.h */,
				9F836A551BA9CB1200DE4D39 /* WAYWindow.h */,
				9F836A561BA9CB1200DE4D39 /* WAYWindow.m */,
				9F836A531BA9CA5500DE4D39 /* WAYAppStoreWindow.m */,
				9F836A581BA9CB2D00DE4D39 /* Extensions */,
				9F836A591BA9CB2D00DE4D39 /* INAppStoreWindow.h */,
				9F836A5A1BA9CB2D00DE4D39 /* INAppStoreWindow.m */,
				9F836A5B1BA9CB2D00DE4D39 /* INAppStoreWindowCompatibility.h */,
				9F836A5C1BA9CB2D00DE4D39 /* INWindowButton.h */,
				9F836A5D1BA9CB2D00DE4D39 /* INWindowButton.m */,
				9F836A371BA9C09C00DE4D39 /* Images.xcassets */,
				9F836A391BA9C09C00DE4D39 /* Main.storyboard */,
				9F836A2D1BA9C09B00DE4D39 /* Supporting Files */,
			);
			path = "Inbox for Mac";
			sourceTree = "<group>";
		};
		9F836A2D1BA9C09B00DE4D39 /* Supporting Files */ = {
			isa = PBXGroup;
			children = (
				9F836A2E1BA9C09B00DE4D39 /* Info.plist */,
				9F836A321BA9C09C00DE4D39 /* main.m */,
			);
			name = "Supporting Files";
			sourceTree = "<group>";
		};
		9F836A431BA9C09C00DE4D39 /* Inbox for MacTests */ = {
			isa = PBXGroup;
			children = (
				9F836A461BA9C09C00DE4D39 /* Inbox_for_MacTests.m */,
				9F836A441BA9C09C00DE4D39 /* Supporting Files */,
			);
			path = "Inbox for MacTests";
			sourceTree = "<group>";
		};
		9F836A441BA9C09C00DE4D39 /* Supporting Files */ = {
			isa = PBXGroup;
			children = (
				9F836A451BA9C09C00DE4D39 /* Info.plist */,
			);
			name = "Supporting Files";
			sourceTree = "<group>";
		};
/* End PBXGroup section */

/* Begin PBXNativeTarget section */
		9F836A291BA9C09B00DE4D39 /* Inbox for Mac */ = {
			isa = PBXNativeTarget;
			buildConfigurationList = 9F836A4A1BA9C09C00DE4D39 /* Build configuration list for PBXNativeTarget "Inbox for Mac" */;
			buildPhases = (
				9F836A261BA9C09B00DE4D39 /* Sources */,
				9F836A271BA9C09B00DE4D39 /* Frameworks */,
				9F836A281BA9C09B00DE4D39 /* Resources */,
			);
			buildRules = (
			);
			dependencies = (
			);
			name = "Inbox for Mac";
			productName = "Inbox for Mac";
			productReference = 9F836A2A1BA9C09B00DE4D39 /* Inbox for Mac.app */;
			productType = "com.apple.product-type.application";
		};
		9F836A3F1BA9C09C00DE4D39 /* Inbox for MacTests */ = {
			isa = PBXNativeTarget;
			buildConfigurationList = 9F836A4D1BA9C09C00DE4D39 /* Build configuration list for PBXNativeTarget "Inbox for MacTests" */;
			buildPhases = (
				9F836A3C1BA9C09C00DE4D39 /* Sources */,
				9F836A3D1BA9C09C00DE4D39 /* Frameworks */,
				9F836A3E1BA9C09C00DE4D39 /* Resources */,
			);
			buildRules = (
			);
			dependencies = (
				9F836A421BA9C09C00DE4D39 /* PBXTargetDependency */,
			);
			name = "Inbox for MacTests";
			productName = "Inbox for MacTests";
			productReference = 9F836A401BA9C09C00DE4D39 /* Inbox for MacTests.xctest */;
			productType = "com.apple.product-type.bundle.unit-test";
		};
/* End PBXNativeTarget section */

/* Begin PBXProject section */
		9F836A221BA9C09B00DE4D39 /* Project object */ = {
			isa = PBXProject;
			attributes = {
				LastUpgradeCheck = 0640;
				ORGANIZATIONNAME = "Alasdair Lampon-Monk";
				TargetAttributes = {
					9F836A291BA9C09B00DE4D39 = {
						CreatedOnToolsVersion = 6.4;
					};
					9F836A3F1BA9C09C00DE4D39 = {
						CreatedOnToolsVersion = 6.4;
						TestTargetID = 9F836A291BA9C09B00DE4D39;
					};
				};
			};
			buildConfigurationList = 9F836A251BA9C09B00DE4D39 /* Build configuration list for PBXProject "Inbox for Mac" */;
			compatibilityVersion = "Xcode 3.2";
			developmentRegion = English;
			hasScannedForEncodings = 0;
			knownRegions = (
				en,
				Base,
			);
			mainGroup = 9F836A211BA9C09B00DE4D39;
			productRefGroup = 9F836A2B1BA9C09B00DE4D39 /* Products */;
			projectDirPath = "";
			projectRoot = "";
			targets = (
				9F836A291BA9C09B00DE4D39 /* Inbox for Mac */,
				9F836A3F1BA9C09C00DE4D39 /* Inbox for MacTests */,
			);
		};
/* End PBXProject section */

/* Begin PBXResourcesBuildPhase section */
		9F836A281BA9C09B00DE4D39 /* Resources */ = {
			isa = PBXResourcesBuildPhase;
			buildActionMask = 2147483647;
			files = (
				9F836A5E1BA9CB2D00DE4D39 /* Extensions in Resources */,
				9FA5291C1BAA1EFE003BB8CF /* appicon.icns in Resources */,
				9F836A381BA9C09C00DE4D39 /* Images.xcassets in Resources */,
				9F836A3B1BA9C09C00DE4D39 /* Main.storyboard in Resources */,
			);
			runOnlyForDeploymentPostprocessing = 0;
		};
		9F836A3E1BA9C09C00DE4D39 /* Resources */ = {
			isa = PBXResourcesBuildPhase;
			buildActionMask = 2147483647;
			files = (
			);
			runOnlyForDeploymentPostprocessing = 0;
		};
/* End PBXResourcesBuildPhase section */

/* Begin PBXSourcesBuildPhase section */
		9F836A261BA9C09B00DE4D39 /* Sources */ = {
			isa = PBXSourcesBuildPhase;
			buildActionMask = 2147483647;
			files = (
				9F836A5F1BA9CB2D00DE4D39 /* INAppStoreWindow.m in Sources */,
				9F836A361BA9C09C00DE4D39 /* ViewController.m in Sources */,
				9F836A541BA9CA5500DE4D39 /* WAYAppStoreWindow.m in Sources */,
				9F836A601BA9CB2D00DE4D39 /* INWindowButton.m in Sources */,
				9F836A331BA9C09C00DE4D39 /* main.m in Sources */,
				9F836A311BA9C09B00DE4D39 /* AppDelegate.m in Sources */,
				9F836A571BA9CB1200DE4D39 /* WAYWindow.m in Sources */,
			);
			runOnlyForDeploymentPostprocessing = 0;
		};
		9F836A3C1BA9C09C00DE4D39 /* Sources */ = {
			isa = PBXSourcesBuildPhase;
			buildActionMask = 2147483647;
			files = (
				9F836A471BA9C09C00DE4D39 /* Inbox_for_MacTests.m in Sources */,
			);
			runOnlyForDeploymentPostprocessing = 0;
		};
/* End PBXSourcesBuildPhase section */

/* Begin PBXTargetDependency section */
		9F836A421BA9C09C00DE4D39 /* PBXTargetDependency */ = {
			isa = PBXTargetDependency;
			target = 9F836A291BA9C09B00DE4D39 /* Inbox for Mac */;
			targetProxy = 9F836A411BA9C09C00DE4D39 /* PBXContainerItemProxy */;
		};
/* End PBXTargetDependency section */

/* Begin PBXVariantGroup section */
		9F836A391BA9C09C00DE4D39 /* Main.storyboard */ = {
			isa = PBXVariantGroup;
			children = (
				9F836A3A1BA9C09C00DE4D39 /* Base */,
			);
			name = Main.storyboard;
			sourceTree = "<group>";
		};
/* End PBXVariantGroup section */

/* Begin XCBuildConfiguration section */
		9F836A481BA9C09C00DE4D39 /* Debug */ = {
			isa = XCBuildConfiguration;
			buildSettings = {
				ALWAYS_SEARCH_USER_PATHS = NO;
				CLANG_CXX_LANGUAGE_STANDARD = "gnu++0x";
				CLANG_CXX_LIBRARY = "libc++";
				CLANG_ENABLE_MODULES = YES;
				CLANG_ENABLE_OBJC_ARC = YES;
				CLANG_WARN_BOOL_CONVERSION = YES;
				CLANG_WARN_CONSTANT_CONVERSION = YES;
				CLANG_WARN_DIRECT_OBJC_ISA_USAGE = YES_ERROR;
				CLANG_WARN_EMPTY_BODY = YES;
				CLANG_WARN_ENUM_CONVERSION = YES;
				CLANG_WARN_INT_CONVERSION = YES;
				CLANG_WARN_OBJC_ROOT_CLASS = YES_ERROR;
				CLANG_WARN_UNREACHABLE_CODE = YES;
				CLANG_WARN__DUPLICATE_METHOD_MATCH = YES;
				CODE_SIGN_IDENTITY = "-";
				COPY_PHASE_STRIP = NO;
				DEBUG_INFORMATION_FORMAT = dwarf;
				ENABLE_STRICT_OBJC_MSGSEND = YES;
				GCC_C_LANGUAGE_STANDARD = gnu99;
				GCC_DYNAMIC_NO_PIC = NO;
				GCC_NO_COMMON_BLOCKS = YES;
				GCC_OPTIMIZATION_LEVEL = 0;
				GCC_PREPROCESSOR_DEFINITIONS = (
					"DEBUG=1",
					"$(inherited)",
				);
				GCC_SYMBOLS_PRIVATE_EXTERN = NO;
				GCC_WARN_64_TO_32_BIT_CONVERSION = YES;
				GCC_WARN_ABOUT_RETURN_TYPE = YES_ERROR;
				GCC_WARN_UNDECLARED_SELECTOR = YES;
				GCC_WARN_UNINITIALIZED_AUTOS = YES_AGGRESSIVE;
				GCC_WARN_UNUSED_FUNCTION = YES;
				GCC_WARN_UNUSED_VARIABLE = YES;
				MACOSX_DEPLOYMENT_TARGET = 10.10;
				MTL_ENABLE_DEBUG_INFO = YES;
				ONLY_ACTIVE_ARCH = YES;
				SDKROOT = macosx;
			};
			name = Debug;
		};
		9F836A491BA9C09C00DE4D39 /* Release */ = {
			isa = XCBuildConfiguration;
			buildSettings = {
				ALWAYS_SEARCH_USER_PATHS = NO;
				CLANG_CXX_LANGUAGE_STANDARD = "gnu++0x";
				CLANG_CXX_LIBRARY = "libc++";
				CLANG_ENABLE_MODULES = YES;
				CLANG_ENABLE_OBJC_ARC = YES;
				CLANG_WARN_BOOL_CONVERSION = YES;
				CLANG_WARN_CONSTANT_CONVERSION = YES;
				CLANG_WARN_DIRECT_OBJC_ISA_USAGE = YES_ERROR;
				CLANG_WARN_EMPTY_BODY = YES;
				CLANG_WARN_ENUM_CONVERSION = YES;
				CLANG_WARN_INT_CONVERSION = YES;
				CLANG_WARN_OBJC_ROOT_CLASS = YES_ERROR;
				CLANG_WARN_UNREACHABLE_CODE = YES;
				CLANG_WARN__DUPLICATE_METHOD_MATCH = YES;
				CODE_SIGN_IDENTITY = "-";
				COPY_PHASE_STRIP = NO;
				DEBUG_INFORMATION_FORMAT = "dwarf-with-dsym";
				ENABLE_NS_ASSERTIONS = NO;
				ENABLE_STRICT_OBJC_MSGSEND = YES;
				GCC_C_LANGUAGE_STANDARD = gnu99;
				GCC_NO_COMMON_BLOCKS = YES;
				GCC_WARN_64_TO_32_BIT_CONVERSION = YES;
				GCC_WARN_ABOUT_RETURN_TYPE = YES_ERROR;
				GCC_WARN_UNDECLARED_SELECTOR = YES;
				GCC_WARN_UNINITIALIZED_AUTOS = YES_AGGRESSIVE;
				GCC_WARN_UNUSED_FUNCTION = YES;
				GCC_WARN_UNUSED_VARIABLE = YES;
				MACOSX_DEPLOYMENT_TARGET = 10.10;
				MTL_ENABLE_DEBUG_INFO = NO;
				SDKROOT = macosx;
			};
			name = Release;
		};
		9F836A4B1BA9C09C00DE4D39 /* Debug */ = {
			isa = XCBuildConfiguration;
			buildSettings = {
				ASSETCATALOG_COMPILER_APPICON_NAME = AppIcon;
				COMBINE_HIDPI_IMAGES = YES;
				INFOPLIST_FILE = "Inbox for Mac/Info.plist";
				LD_RUNPATH_SEARCH_PATHS = "$(inherited) @executable_path/../Frameworks";
				PRODUCT_NAME = "$(TARGET_NAME)";
			};
			name = Debug;
		};
		9F836A4C1BA9C09C00DE4D39 /* Release */ = {
			isa = XCBuildConfiguration;
			buildSettings = {
				ASSETCATALOG_COMPILER_APPICON_NAME = AppIcon;
				COMBINE_HIDPI_IMAGES = YES;
				INFOPLIST_FILE = "Inbox for Mac/Info.plist";
				LD_RUNPATH_SEARCH_PATHS = "$(inherited) @executable_path/../Frameworks";
				PRODUCT_NAME = "$(TARGET_NAME)";
			};
			name = Release;
		};
		9F836A4E1BA9C09C00DE4D39 /* Debug */ = {
			isa = XCBuildConfiguration;
			buildSettings = {
				BUNDLE_LOADER = "$(TEST_HOST)";
				COMBINE_HIDPI_IMAGES = YES;
				FRAMEWORK_SEARCH_PATHS = (
					"$(DEVELOPER_FRAMEWORKS_DIR)",
					"$(inherited)",
				);
				GCC_PREPROCESSOR_DEFINITIONS = (
					"DEBUG=1",
					"$(inherited)",
				);
				INFOPLIST_FILE = "Inbox for MacTests/Info.plist";
				LD_RUNPATH_SEARCH_PATHS = "$(inherited) @executable_path/../Frameworks @loader_path/../Frameworks";
				PRODUCT_NAME = "$(TARGET_NAME)";
				TEST_HOST = "$(BUILT_PRODUCTS_DIR)/Inbox for Mac.app/Contents/MacOS/Inbox for Mac";
			};
			name = Debug;
		};
		9F836A4F1BA9C09C00DE4D39 /* Release */ = {
			isa = XCBuildConfiguration;
			buildSettings = {
				BUNDLE_LOADER = "$(TEST_HOST)";
				COMBINE_HIDPI_IMAGES = YES;
				FRAMEWORK_SEARCH_PATHS = (
					"$(DEVELOPER_FRAMEWORKS_DIR)",
					"$(inherited)",
				);
				INFOPLIST_FILE = "Inbox for MacTests/Info.plist";
				LD_RUNPATH_SEARCH_PATHS = "$(inherited) @executable_path/../Frameworks @loader_path/../Frameworks";
				PRODUCT_NAME = "$(TARGET_NAME)";
				TEST_HOST = "$(BUILT_PRODUCTS_DIR)/Inbox for Mac.app/Contents/MacOS/Inbox for Mac";
			};
			name = Release;
		};
/* End XCBuildConfiguration section */

/* Begin XCConfigurationList section */
		9F836A251BA9C09B00DE4D39 /* Build configuration list for PBXProject "Inbox for Mac" */ = {
			isa = XCConfigurationList;
			buildConfigurations = (
				9F836A481BA9C09C00DE4D39 /* Debug */,
				9F836A491BA9C09C00DE4D39 /* Release */,
			);
			defaultConfigurationIsVisible = 0;
			defaultConfigurationName = Release;
		};
		9F836A4A1BA9C09C00DE4D39 /* Build configuration list for PBXNativeTarget "Inbox for Mac" */ = {
			isa = XCConfigurationList;
			buildConfigurations = (
				9F836A4B1BA9C09C00DE4D39 /* Debug */,
				9F836A4C1BA9C09C00DE4D39 /* Release */,
			);
			defaultConfigurationIsVisible = 0;
			defaultConfigurationName = Release;
		};
		9F836A4D1BA9C09C00DE4D39 /* Build configuration list for PBXNativeTarget "Inbox for MacTests" */ = {
			isa = XCConfigurationList;
			buildConfigurations = (
				9F836A4E1BA9C09C00DE4D39 /* Debug */,
				9F836A4F1BA9C09C00DE4D39 /* Release */,
			);
			defaultConfigurationIsVisible = 0;
			defaultConfigurationName = Release;
		};
/* End XCConfigurationList section */
	};
	rootObject = 9F836A221BA9C09B00DE4D39 /* Project object */;
}
